// !$*UTF8*$!
{
	archiveVersion = 1;
	classes = {
	};
	objectVersion = 52;
	objects = {

/* Begin PBXBuildFile section */
		A3BF71DC267268AA00C55B29 /* ShiftDetailsView.swift in Sources */ = {isa = PBXBuildFile; fileRef = A3BF71DB267268AA00C55B29 /* ShiftDetailsView.swift */; };
		A3BF71DE267279A900C55B29 /* ShiftDetails.swift in Sources */ = {isa = PBXBuildFile; fileRef = A3BF71DD267279A900C55B29 /* ShiftDetails.swift */; };
		A3BF71E1267290F600C55B29 /* ComposableArchitecture in Frameworks */ = {isa = PBXBuildFile; productRef = A3BF71E0267290F600C55B29 /* ComposableArchitecture */; };
		A3BF71E42672D01E00C55B29 /* ShiftsAction.swift in Sources */ = {isa = PBXBuildFile; fileRef = A3BF71E32672D01E00C55B29 /* ShiftsAction.swift */; };
		A3BF71E62672D03300C55B29 /* ShiftsReducer.swift in Sources */ = {isa = PBXBuildFile; fileRef = A3BF71E52672D03300C55B29 /* ShiftsReducer.swift */; };
		A3BF71E82672D04700C55B29 /* ShiftsState.swift in Sources */ = {isa = PBXBuildFile; fileRef = A3BF71E72672D04700C55B29 /* ShiftsState.swift */; };
		A3BF71EA2672D05300C55B29 /* ShiftsEnvironment.swift in Sources */ = {isa = PBXBuildFile; fileRef = A3BF71E92672D05300C55B29 /* ShiftsEnvironment.swift */; };
		A3BF71ED26737A5B00C55B29 /* Shift.swift in Sources */ = {isa = PBXBuildFile; fileRef = A3BF71EC26737A5B00C55B29 /* Shift.swift */; };
		A3BF71EF26737C2100C55B29 /* Specialty.swift in Sources */ = {isa = PBXBuildFile; fileRef = A3BF71EE26737C2100C55B29 /* Specialty.swift */; };
		A3BF71F126737C2A00C55B29 /* Facility.swift in Sources */ = {isa = PBXBuildFile; fileRef = A3BF71F026737C2A00C55B29 /* Facility.swift */; };
		A3BF71F326737C4300C55B29 /* Skill.swift in Sources */ = {isa = PBXBuildFile; fileRef = A3BF71F226737C4300C55B29 /* Skill.swift */; };
		A3C2C6EF267B6586009E64EA /* Viewable.swift in Sources */ = {isa = PBXBuildFile; fileRef = A3C2C6EE267B6586009E64EA /* Viewable.swift */; };
		A3C2C6FB267D2D7B009E64EA /* Weaver.swift in Sources */ = {isa = PBXBuildFile; fileRef = A3C2C6FA267D2D7B009E64EA /* Weaver.swift */; };
		A3D67A04267163A600B26AF2 /* CodingChallangeApp.swift in Sources */ = {isa = PBXBuildFile; fileRef = A3D67A03267163A600B26AF2 /* CodingChallangeApp.swift */; };
		A3D67A06267163A600B26AF2 /* ShiftsListView.swift in Sources */ = {isa = PBXBuildFile; fileRef = A3D67A05267163A600B26AF2 /* ShiftsListView.swift */; };
		A3D67A0B267163A700B26AF2 /* Preview Assets.xcassets in Resources */ = {isa = PBXBuildFile; fileRef = A3D67A0A267163A700B26AF2 /* Preview Assets.xcassets */; };
		A3D67A16267163A800B26AF2 /* CodingChallangeTests.swift in Sources */ = {isa = PBXBuildFile; fileRef = A3D67A15267163A800B26AF2 /* CodingChallangeTests.swift */; };
		A3D67A21267163A800B26AF2 /* CodingChallangeUITests.swift in Sources */ = {isa = PBXBuildFile; fileRef = A3D67A20267163A800B26AF2 /* CodingChallangeUITests.swift */; };
		A3D67A30267233ED00B26AF2 /* Assets.xcassets in Resources */ = {isa = PBXBuildFile; fileRef = A3D67A07267163A700B26AF2 /* Assets.xcassets */; };
		A3D67A352672360900B26AF2 /* ShiftItem.swift in Sources */ = {isa = PBXBuildFile; fileRef = A3D67A342672360900B26AF2 /* ShiftItem.swift */; };
		A3D67A3726723B5600B26AF2 /* ShiftItemView.swift in Sources */ = {isa = PBXBuildFile; fileRef = A3D67A3626723B5600B26AF2 /* ShiftItemView.swift */; };
		A3D67A3926725C4A00B26AF2 /* Fakeable.swift in Sources */ = {isa = PBXBuildFile; fileRef = A3D67A3826725C4A00B26AF2 /* Fakeable.swift */; };
/* End PBXBuildFile section */

/* Begin PBXContainerItemProxy section */
		A3D67A12267163A800B26AF2 /* PBXContainerItemProxy */ = {
			isa = PBXContainerItemProxy;
			containerPortal = A3D679F8267163A600B26AF2 /* Project object */;
			proxyType = 1;
			remoteGlobalIDString = A3D679FF267163A600B26AF2;
			remoteInfo = CodingChallange;
		};
		A3D67A1D267163A800B26AF2 /* PBXContainerItemProxy */ = {
			isa = PBXContainerItemProxy;
			containerPortal = A3D679F8267163A600B26AF2 /* Project object */;
			proxyType = 1;
			remoteGlobalIDString = A3D679FF267163A600B26AF2;
			remoteInfo = CodingChallange;
		};
/* End PBXContainerItemProxy section */

/* Begin PBXFileReference section */
		A3BF71DB267268AA00C55B29 /* ShiftDetailsView.swift */ = {isa = PBXFileReference; lastKnownFileType = sourcecode.swift; path = ShiftDetailsView.swift; sourceTree = "<group>"; };
		A3BF71DD267279A900C55B29 /* ShiftDetails.swift */ = {isa = PBXFileReference; lastKnownFileType = sourcecode.swift; path = ShiftDetails.swift; sourceTree = "<group>"; };
		A3BF71E32672D01E00C55B29 /* ShiftsAction.swift */ = {isa = PBXFileReference; lastKnownFileType = sourcecode.swift; path = ShiftsAction.swift; sourceTree = "<group>"; };
		A3BF71E52672D03300C55B29 /* ShiftsReducer.swift */ = {isa = PBXFileReference; lastKnownFileType = sourcecode.swift; path = ShiftsReducer.swift; sourceTree = "<group>"; };
		A3BF71E72672D04700C55B29 /* ShiftsState.swift */ = {isa = PBXFileReference; lastKnownFileType = sourcecode.swift; path = ShiftsState.swift; sourceTree = "<group>"; };
		A3BF71E92672D05300C55B29 /* ShiftsEnvironment.swift */ = {isa = PBXFileReference; lastKnownFileType = sourcecode.swift; path = ShiftsEnvironment.swift; sourceTree = "<group>"; };
		A3BF71EC26737A5B00C55B29 /* Shift.swift */ = {isa = PBXFileReference; lastKnownFileType = sourcecode.swift; path = Shift.swift; sourceTree = "<group>"; };
		A3BF71EE26737C2100C55B29 /* Specialty.swift */ = {isa = PBXFileReference; lastKnownFileType = sourcecode.swift; path = Specialty.swift; sourceTree = "<group>"; };
		A3BF71F026737C2A00C55B29 /* Facility.swift */ = {isa = PBXFileReference; lastKnownFileType = sourcecode.swift; path = Facility.swift; sourceTree = "<group>"; };
		A3BF71F226737C4300C55B29 /* Skill.swift */ = {isa = PBXFileReference; lastKnownFileType = sourcecode.swift; path = Skill.swift; sourceTree = "<group>"; };
		A3C2C6EE267B6586009E64EA /* Viewable.swift */ = {isa = PBXFileReference; lastKnownFileType = sourcecode.swift; path = Viewable.swift; sourceTree = "<group>"; };
		A3C2C6FA267D2D7B009E64EA /* Weaver.swift */ = {isa = PBXFileReference; fileEncoding = 4; lastKnownFileType = sourcecode.swift; path = Weaver.swift; sourceTree = "<group>"; };
		A3D67A00267163A600B26AF2 /* CodingChallange.app */ = {isa = PBXFileReference; explicitFileType = wrapper.application; includeInIndex = 0; path = CodingChallange.app; sourceTree = BUILT_PRODUCTS_DIR; };
		A3D67A03267163A600B26AF2 /* CodingChallangeApp.swift */ = {isa = PBXFileReference; lastKnownFileType = sourcecode.swift; path = CodingChallangeApp.swift; sourceTree = "<group>"; };
		A3D67A05267163A600B26AF2 /* ShiftsListView.swift */ = {isa = PBXFileReference; lastKnownFileType = sourcecode.swift; path = ShiftsListView.swift; sourceTree = "<group>"; };
		A3D67A07267163A700B26AF2 /* Assets.xcassets */ = {isa = PBXFileReference; lastKnownFileType = folder.assetcatalog; path = Assets.xcassets; sourceTree = "<group>"; };
		A3D67A0A267163A700B26AF2 /* Preview Assets.xcassets */ = {isa = PBXFileReference; lastKnownFileType = folder.assetcatalog; path = "Preview Assets.xcassets"; sourceTree = "<group>"; };
		A3D67A0C267163A700B26AF2 /* Info.plist */ = {isa = PBXFileReference; lastKnownFileType = text.plist.xml; path = Info.plist; sourceTree = "<group>"; };
		A3D67A11267163A800B26AF2 /* CodingChallangeTests.xctest */ = {isa = PBXFileReference; explicitFileType = wrapper.cfbundle; includeInIndex = 0; path = CodingChallangeTests.xctest; sourceTree = BUILT_PRODUCTS_DIR; };
		A3D67A15267163A800B26AF2 /* CodingChallangeTests.swift */ = {isa = PBXFileReference; lastKnownFileType = sourcecode.swift; path = CodingChallangeTests.swift; sourceTree = "<group>"; };
		A3D67A17267163A800B26AF2 /* Info.plist */ = {isa = PBXFileReference; lastKnownFileType = text.plist.xml; path = Info.plist; sourceTree = "<group>"; };
		A3D67A1C267163A800B26AF2 /* CodingChallangeUITests.xctest */ = {isa = PBXFileReference; explicitFileType = wrapper.cfbundle; includeInIndex = 0; path = CodingChallangeUITests.xctest; sourceTree = BUILT_PRODUCTS_DIR; };
		A3D67A20267163A800B26AF2 /* CodingChallangeUITests.swift */ = {isa = PBXFileReference; lastKnownFileType = sourcecode.swift; path = CodingChallangeUITests.swift; sourceTree = "<group>"; };
		A3D67A22267163A800B26AF2 /* Info.plist */ = {isa = PBXFileReference; lastKnownFileType = text.plist.xml; path = Info.plist; sourceTree = "<group>"; };
		A3D67A342672360900B26AF2 /* ShiftItem.swift */ = {isa = PBXFileReference; lastKnownFileType = sourcecode.swift; path = ShiftItem.swift; sourceTree = "<group>"; };
		A3D67A3626723B5600B26AF2 /* ShiftItemView.swift */ = {isa = PBXFileReference; lastKnownFileType = sourcecode.swift; path = ShiftItemView.swift; sourceTree = "<group>"; };
		A3D67A3826725C4A00B26AF2 /* Fakeable.swift */ = {isa = PBXFileReference; lastKnownFileType = sourcecode.swift; path = Fakeable.swift; sourceTree = "<group>"; };
/* End PBXFileReference section */

/* Begin PBXFrameworksBuildPhase section */
		A3D679FD267163A600B26AF2 /* Frameworks */ = {
			isa = PBXFrameworksBuildPhase;
			buildActionMask = 2147483647;
			files = (
				A3BF71E1267290F600C55B29 /* ComposableArchitecture in Frameworks */,
			);
			runOnlyForDeploymentPostprocessing = 0;
		};
		A3D67A0E267163A800B26AF2 /* Frameworks */ = {
			isa = PBXFrameworksBuildPhase;
			buildActionMask = 2147483647;
			files = (
			);
			runOnlyForDeploymentPostprocessing = 0;
		};
		A3D67A19267163A800B26AF2 /* Frameworks */ = {
			isa = PBXFrameworksBuildPhase;
			buildActionMask = 2147483647;
			files = (
			);
			runOnlyForDeploymentPostprocessing = 0;
		};
/* End PBXFrameworksBuildPhase section */

/* Begin PBXGroup section */
		A351AC052680A61800385F50 /* View */ = {
			isa = PBXGroup;
			children = (
				A3D67A332672353B00B26AF2 /* ShiftsList */,
				A3BF71D82672687B00C55B29 /* ShiftsDetails */,
			);
			path = View;
			sourceTree = "<group>";
		};
		A3BF71D82672687B00C55B29 /* ShiftsDetails */ = {
			isa = PBXGroup;
			children = (
				A3BF71DB267268AA00C55B29 /* ShiftDetailsView.swift */,
				A3BF71DD267279A900C55B29 /* ShiftDetails.swift */,
			);
			path = ShiftsDetails;
			sourceTree = "<group>";
		};
		A3BF71E22672CDF700C55B29 /* Core */ = {
			isa = PBXGroup;
			children = (
				A3BF71EB26737A2D00C55B29 /* Model */,
				A3BF71E32672D01E00C55B29 /* ShiftsAction.swift */,
				A3BF71E52672D03300C55B29 /* ShiftsReducer.swift */,
				A3BF71E72672D04700C55B29 /* ShiftsState.swift */,
				A3BF71E92672D05300C55B29 /* ShiftsEnvironment.swift */,
			);
			path = Core;
			sourceTree = "<group>";
		};
		A3BF71EB26737A2D00C55B29 /* Model */ = {
			isa = PBXGroup;
			children = (
				A3BF71EC26737A5B00C55B29 /* Shift.swift */,
				A3BF71EE26737C2100C55B29 /* Specialty.swift */,
				A3BF71F026737C2A00C55B29 /* Facility.swift */,
				A3BF71F226737C4300C55B29 /* Skill.swift */,
			);
			path = Model;
			sourceTree = "<group>";
		};
		A3C2C6F1267BB93C009E64EA /* Generated */ = {
			isa = PBXGroup;
			children = (
				A3C2C6FA267D2D7B009E64EA /* Weaver.swift */,
			);
			path = Generated;
			sourceTree = "<group>";
		};
		A3D679F7267163A600B26AF2 = {
			isa = PBXGroup;
			children = (
				A3D67A02267163A600B26AF2 /* CodingChallange */,
				A3D67A14267163A800B26AF2 /* CodingChallangeTests */,
				A3D67A1F267163A800B26AF2 /* CodingChallangeUITests */,
				A3D67A01267163A600B26AF2 /* Products */,
			);
			sourceTree = "<group>";
		};
		A3D67A01267163A600B26AF2 /* Products */ = {
			isa = PBXGroup;
			children = (
				A3D67A00267163A600B26AF2 /* CodingChallange.app */,
				A3D67A11267163A800B26AF2 /* CodingChallangeTests.xctest */,
				A3D67A1C267163A800B26AF2 /* CodingChallangeUITests.xctest */,
			);
			name = Products;
			sourceTree = "<group>";
		};
		A3D67A02267163A600B26AF2 /* CodingChallange */ = {
			isa = PBXGroup;
			children = (
				A3D67A03267163A600B26AF2 /* CodingChallangeApp.swift */,
				A3C2C6F1267BB93C009E64EA /* Generated */,
				A3D67A2F2672334700B26AF2 /* Common */,
				A3D67A312672344500B26AF2 /* Config */,
				A3D67A322672347000B26AF2 /* Resource */,
				A3D67A2E2672331F00B26AF2 /* Shifts */,
				A3D67A09267163A700B26AF2 /* Preview Content */,
			);
			path = CodingChallange;
			sourceTree = "<group>";
		};
		A3D67A09267163A700B26AF2 /* Preview Content */ = {
			isa = PBXGroup;
			children = (
				A3D67A0A267163A700B26AF2 /* Preview Assets.xcassets */,
			);
			path = "Preview Content";
			sourceTree = "<group>";
		};
		A3D67A14267163A800B26AF2 /* CodingChallangeTests */ = {
			isa = PBXGroup;
			children = (
				A3D67A15267163A800B26AF2 /* CodingChallangeTests.swift */,
				A3D67A17267163A800B26AF2 /* Info.plist */,
			);
			path = CodingChallangeTests;
			sourceTree = "<group>";
		};
		A3D67A1F267163A800B26AF2 /* CodingChallangeUITests */ = {
			isa = PBXGroup;
			children = (
				A3D67A20267163A800B26AF2 /* CodingChallangeUITests.swift */,
				A3D67A22267163A800B26AF2 /* Info.plist */,
			);
			path = CodingChallangeUITests;
			sourceTree = "<group>";
		};
		A3D67A2E2672331F00B26AF2 /* Shifts */ = {
			isa = PBXGroup;
			children = (
				A351AC052680A61800385F50 /* View */,
				A3BF71E22672CDF700C55B29 /* Core */,
			);
			path = Shifts;
			sourceTree = "<group>";
		};
		A3D67A2F2672334700B26AF2 /* Common */ = {
			isa = PBXGroup;
			children = (
				A3D67A3A26725D2600B26AF2 /* Fakery */,
				A3C2C6EE267B6586009E64EA /* Viewable.swift */,
			);
			path = Common;
			sourceTree = "<group>";
		};
		A3D67A312672344500B26AF2 /* Config */ = {
			isa = PBXGroup;
			children = (
				A3D67A0C267163A700B26AF2 /* Info.plist */,
			);
			path = Config;
			sourceTree = "<group>";
		};
		A3D67A322672347000B26AF2 /* Resource */ = {
			isa = PBXGroup;
			children = (
				A3D67A07267163A700B26AF2 /* Assets.xcassets */,
			);
			path = Resource;
			sourceTree = "<group>";
		};
		A3D67A332672353B00B26AF2 /* ShiftsList */ = {
			isa = PBXGroup;
			children = (
				A3D67A05267163A600B26AF2 /* ShiftsListView.swift */,
				A3D67A3626723B5600B26AF2 /* ShiftItemView.swift */,
				A3D67A342672360900B26AF2 /* ShiftItem.swift */,
			);
			path = ShiftsList;
			sourceTree = "<group>";
		};
		A3D67A3A26725D2600B26AF2 /* Fakery */ = {
			isa = PBXGroup;
			children = (
				A3D67A3826725C4A00B26AF2 /* Fakeable.swift */,
			);
			path = Fakery;
			sourceTree = "<group>";
		};
/* End PBXGroup section */

/* Begin PBXNativeTarget section */
		A3D679FF267163A600B26AF2 /* CodingChallange */ = {
			isa = PBXNativeTarget;
			buildConfigurationList = A3D67A25267163A800B26AF2 /* Build configuration list for PBXNativeTarget "CodingChallange" */;
			buildPhases = (
				A3C2C6F0267BB86F009E64EA /* Weaver */,
				A3D679FC267163A600B26AF2 /* Sources */,
				A3D679FD267163A600B26AF2 /* Frameworks */,
				A3D679FE267163A600B26AF2 /* Resources */,
			);
			buildRules = (
			);
			dependencies = (
			);
			name = CodingChallange;
			packageProductDependencies = (
				A3BF71E0267290F600C55B29 /* ComposableArchitecture */,
			);
			productName = CodingChallange;
			productReference = A3D67A00267163A600B26AF2 /* CodingChallange.app */;
			productType = "com.apple.product-type.application";
		};
		A3D67A10267163A800B26AF2 /* CodingChallangeTests */ = {
			isa = PBXNativeTarget;
			buildConfigurationList = A3D67A28267163A800B26AF2 /* Build configuration list for PBXNativeTarget "CodingChallangeTests" */;
			buildPhases = (
				A3D67A0D267163A800B26AF2 /* Sources */,
				A3D67A0E267163A800B26AF2 /* Frameworks */,
				A3D67A0F267163A800B26AF2 /* Resources */,
			);
			buildRules = (
			);
			dependencies = (
				A3D67A13267163A800B26AF2 /* PBXTargetDependency */,
			);
			name = CodingChallangeTests;
			productName = CodingChallangeTests;
			productReference = A3D67A11267163A800B26AF2 /* CodingChallangeTests.xctest */;
			productType = "com.apple.product-type.bundle.unit-test";
		};
		A3D67A1B267163A800B26AF2 /* CodingChallangeUITests */ = {
			isa = PBXNativeTarget;
			buildConfigurationList = A3D67A2B267163A800B26AF2 /* Build configuration list for PBXNativeTarget "CodingChallangeUITests" */;
			buildPhases = (
				A3D67A18267163A800B26AF2 /* Sources */,
				A3D67A19267163A800B26AF2 /* Frameworks */,
				A3D67A1A267163A800B26AF2 /* Resources */,
			);
			buildRules = (
			);
			dependencies = (
				A3D67A1E267163A800B26AF2 /* PBXTargetDependency */,
			);
			name = CodingChallangeUITests;
			productName = CodingChallangeUITests;
			productReference = A3D67A1C267163A800B26AF2 /* CodingChallangeUITests.xctest */;
			productType = "com.apple.product-type.bundle.ui-testing";
		};
/* End PBXNativeTarget section */

/* Begin PBXProject section */
		A3D679F8267163A600B26AF2 /* Project object */ = {
			isa = PBXProject;
			attributes = {
				LastSwiftUpdateCheck = 1250;
				LastUpgradeCheck = 1250;
				TargetAttributes = {
					A3D679FF267163A600B26AF2 = {
						CreatedOnToolsVersion = 12.5;
					};
					A3D67A10267163A800B26AF2 = {
						CreatedOnToolsVersion = 12.5;
						TestTargetID = A3D679FF267163A600B26AF2;
					};
					A3D67A1B267163A800B26AF2 = {
						CreatedOnToolsVersion = 12.5;
						TestTargetID = A3D679FF267163A600B26AF2;
					};
				};
			};
			buildConfigurationList = A3D679FB267163A600B26AF2 /* Build configuration list for PBXProject "CodingChallange" */;
			compatibilityVersion = "Xcode 9.3";
			developmentRegion = en;
			hasScannedForEncodings = 0;
			knownRegions = (
				en,
				Base,
			);
			mainGroup = A3D679F7267163A600B26AF2;
			packageReferences = (
				A3BF71DF267290F600C55B29 /* XCRemoteSwiftPackageReference "swift-composable-architecture" */,
			);
			productRefGroup = A3D67A01267163A600B26AF2 /* Products */;
			projectDirPath = "";
			projectRoot = "";
			targets = (
				A3D679FF267163A600B26AF2 /* CodingChallange */,
				A3D67A10267163A800B26AF2 /* CodingChallangeTests */,
				A3D67A1B267163A800B26AF2 /* CodingChallangeUITests */,
			);
		};
/* End PBXProject section */

/* Begin PBXResourcesBuildPhase section */
		A3D679FE267163A600B26AF2 /* Resources */ = {
			isa = PBXResourcesBuildPhase;
			buildActionMask = 2147483647;
			files = (
				A3D67A0B267163A700B26AF2 /* Preview Assets.xcassets in Resources */,
				A3D67A30267233ED00B26AF2 /* Assets.xcassets in Resources */,
			);
			runOnlyForDeploymentPostprocessing = 0;
		};
		A3D67A0F267163A800B26AF2 /* Resources */ = {
			isa = PBXResourcesBuildPhase;
			buildActionMask = 2147483647;
			files = (
			);
			runOnlyForDeploymentPostprocessing = 0;
		};
		A3D67A1A267163A800B26AF2 /* Resources */ = {
			isa = PBXResourcesBuildPhase;
			buildActionMask = 2147483647;
			files = (
			);
			runOnlyForDeploymentPostprocessing = 0;
		};
/* End PBXResourcesBuildPhase section */

/* Begin PBXShellScriptBuildPhase section */
		A3C2C6F0267BB86F009E64EA /* Weaver */ = {
			isa = PBXShellScriptBuildPhase;
			buildActionMask = 2147483647;
			files = (
			);
			inputFileListPaths = (
			);
			inputPaths = (
			);
			name = Weaver;
			outputFileListPaths = (
			);
			outputPaths = (
			);
			runOnlyForDeploymentPostprocessing = 0;
			shellPath = /bin/sh;
			shellScript = "$PROJECT_DIR/bin/weaver clean\nweaver swift --config-path config/weaver.yaml\n";
		};
/* End PBXShellScriptBuildPhase section */

/* Begin PBXSourcesBuildPhase section */
		A3D679FC267163A600B26AF2 /* Sources */ = {
			isa = PBXSourcesBuildPhase;
			buildActionMask = 2147483647;
			files = (
				A3BF71E42672D01E00C55B29 /* ShiftsAction.swift in Sources */,
				A3BF71DE267279A900C55B29 /* ShiftDetails.swift in Sources */,
				A3BF71E82672D04700C55B29 /* ShiftsState.swift in Sources */,
				A3BF71DC267268AA00C55B29 /* ShiftDetailsView.swift in Sources */,
				A3BF71ED26737A5B00C55B29 /* Shift.swift in Sources */,
				A3D67A06267163A600B26AF2 /* ShiftsListView.swift in Sources */,
				A3BF71EF26737C2100C55B29 /* Specialty.swift in Sources */,
				A3D67A3926725C4A00B26AF2 /* Fakeable.swift in Sources */,
				A3C2C6EF267B6586009E64EA /* Viewable.swift in Sources */,
				A3BF71E62672D03300C55B29 /* ShiftsReducer.swift in Sources */,
				A3BF71EA2672D05300C55B29 /* ShiftsEnvironment.swift in Sources */,
				A3C2C6FB267D2D7B009E64EA /* Weaver.swift in Sources */,
				A3D67A352672360900B26AF2 /* ShiftItem.swift in Sources */,
				A3D67A3726723B5600B26AF2 /* ShiftItemView.swift in Sources */,
				A3BF71F326737C4300C55B29 /* Skill.swift in Sources */,
				A3BF71F126737C2A00C55B29 /* Facility.swift in Sources */,
				A3D67A04267163A600B26AF2 /* CodingChallangeApp.swift in Sources */,
			);
			runOnlyForDeploymentPostprocessing = 0;
		};
		A3D67A0D267163A800B26AF2 /* Sources */ = {
			isa = PBXSourcesBuildPhase;
			buildActionMask = 2147483647;
			files = (
				A3D67A16267163A800B26AF2 /* CodingChallangeTests.swift in Sources */,
			);
			runOnlyForDeploymentPostprocessing = 0;
		};
		A3D67A18267163A800B26AF2 /* Sources */ = {
			isa = PBXSourcesBuildPhase;
			buildActionMask = 2147483647;
			files = (
				A3D67A21267163A800B26AF2 /* CodingChallangeUITests.swift in Sources */,
			);
			runOnlyForDeploymentPostprocessing = 0;
		};
/* End PBXSourcesBuildPhase section */

/* Begin PBXTargetDependency section */
		A3D67A13267163A800B26AF2 /* PBXTargetDependency */ = {
			isa = PBXTargetDependency;
			target = A3D679FF267163A600B26AF2 /* CodingChallange */;
			targetProxy = A3D67A12267163A800B26AF2 /* PBXContainerItemProxy */;
		};
		A3D67A1E267163A800B26AF2 /* PBXTargetDependency */ = {
			isa = PBXTargetDependency;
			target = A3D679FF267163A600B26AF2 /* CodingChallange */;
			targetProxy = A3D67A1D267163A800B26AF2 /* PBXContainerItemProxy */;
		};
/* End PBXTargetDependency section */

/* Begin XCBuildConfiguration section */
		A3D67A23267163A800B26AF2 /* Debug */ = {
			isa = XCBuildConfiguration;
			buildSettings = {
				ALWAYS_SEARCH_USER_PATHS = NO;
				CLANG_ANALYZER_NONNULL = YES;
				CLANG_ANALYZER_NUMBER_OBJECT_CONVERSION = YES_AGGRESSIVE;
				CLANG_CXX_LANGUAGE_STANDARD = "gnu++14";
				CLANG_CXX_LIBRARY = "libc++";
				CLANG_ENABLE_MODULES = YES;
				CLANG_ENABLE_OBJC_ARC = YES;
				CLANG_ENABLE_OBJC_WEAK = YES;
				CLANG_WARN_BLOCK_CAPTURE_AUTORELEASING = YES;
				CLANG_WARN_BOOL_CONVERSION = YES;
				CLANG_WARN_COMMA = YES;
				CLANG_WARN_CONSTANT_CONVERSION = YES;
				CLANG_WARN_DEPRECATED_OBJC_IMPLEMENTATIONS = YES;
				CLANG_WARN_DIRECT_OBJC_ISA_USAGE = YES_ERROR;
				CLANG_WARN_DOCUMENTATION_COMMENTS = YES;
				CLANG_WARN_EMPTY_BODY = YES;
				CLANG_WARN_ENUM_CONVERSION = YES;
				CLANG_WARN_INFINITE_RECURSION = YES;
				CLANG_WARN_INT_CONVERSION = YES;
				CLANG_WARN_NON_LITERAL_NULL_CONVERSION = YES;
				CLANG_WARN_OBJC_IMPLICIT_RETAIN_SELF = YES;
				CLANG_WARN_OBJC_LITERAL_CONVERSION = YES;
				CLANG_WARN_OBJC_ROOT_CLASS = YES_ERROR;
				CLANG_WARN_QUOTED_INCLUDE_IN_FRAMEWORK_HEADER = YES;
				CLANG_WARN_RANGE_LOOP_ANALYSIS = YES;
				CLANG_WARN_STRICT_PROTOTYPES = YES;
				CLANG_WARN_SUSPICIOUS_MOVE = YES;
				CLANG_WARN_UNGUARDED_AVAILABILITY = YES_AGGRESSIVE;
				CLANG_WARN_UNREACHABLE_CODE = YES;
				CLANG_WARN__DUPLICATE_METHOD_MATCH = YES;
				COPY_PHASE_STRIP = NO;
				DEBUG_INFORMATION_FORMAT = dwarf;
				ENABLE_STRICT_OBJC_MSGSEND = YES;
				ENABLE_TESTABILITY = YES;
				GCC_C_LANGUAGE_STANDARD = gnu11;
				GCC_DYNAMIC_NO_PIC = NO;
				GCC_NO_COMMON_BLOCKS = YES;
				GCC_OPTIMIZATION_LEVEL = 0;
				GCC_PREPROCESSOR_DEFINITIONS = (
					"DEBUG=1",
					"$(inherited)",
				);
				GCC_WARN_64_TO_32_BIT_CONVERSION = YES;
				GCC_WARN_ABOUT_RETURN_TYPE = YES_ERROR;
				GCC_WARN_UNDECLARED_SELECTOR = YES;
				GCC_WARN_UNINITIALIZED_AUTOS = YES_AGGRESSIVE;
				GCC_WARN_UNUSED_FUNCTION = YES;
				GCC_WARN_UNUSED_VARIABLE = YES;
				IPHONEOS_DEPLOYMENT_TARGET = 14.5;
				MTL_ENABLE_DEBUG_INFO = INCLUDE_SOURCE;
				MTL_FAST_MATH = YES;
				ONLY_ACTIVE_ARCH = YES;
				SDKROOT = iphoneos;
				SWIFT_ACTIVE_COMPILATION_CONDITIONS = DEBUG;
				SWIFT_OPTIMIZATION_LEVEL = "-Onone";
			};
			name = Debug;
		};
		A3D67A24267163A800B26AF2 /* Release */ = {
			isa = XCBuildConfiguration;
			buildSettings = {
				ALWAYS_SEARCH_USER_PATHS = NO;
				CLANG_ANALYZER_NONNULL = YES;
				CLANG_ANALYZER_NUMBER_OBJECT_CONVERSION = YES_AGGRESSIVE;
				CLANG_CXX_LANGUAGE_STANDARD = "gnu++14";
				CLANG_CXX_LIBRARY = "libc++";
				CLANG_ENABLE_MODULES = YES;
				CLANG_ENABLE_OBJC_ARC = YES;
				CLANG_ENABLE_OBJC_WEAK = YES;
				CLANG_WARN_BLOCK_CAPTURE_AUTORELEASING = YES;
				CLANG_WARN_BOOL_CONVERSION = YES;
				CLANG_WARN_COMMA = YES;
				CLANG_WARN_CONSTANT_CONVERSION = YES;
				CLANG_WARN_DEPRECATED_OBJC_IMPLEMENTATIONS = YES;
				CLANG_WARN_DIRECT_OBJC_ISA_USAGE = YES_ERROR;
				CLANG_WARN_DOCUMENTATION_COMMENTS = YES;
				CLANG_WARN_EMPTY_BODY = YES;
				CLANG_WARN_ENUM_CONVERSION = YES;
				CLANG_WARN_INFINITE_RECURSION = YES;
				CLANG_WARN_INT_CONVERSION = YES;
				CLANG_WARN_NON_LITERAL_NULL_CONVERSION = YES;
				CLANG_WARN_OBJC_IMPLICIT_RETAIN_SELF = YES;
				CLANG_WARN_OBJC_LITERAL_CONVERSION = YES;
				CLANG_WARN_OBJC_ROOT_CLASS = YES_ERROR;
				CLANG_WARN_QUOTED_INCLUDE_IN_FRAMEWORK_HEADER = YES;
				CLANG_WARN_RANGE_LOOP_ANALYSIS = YES;
				CLANG_WARN_STRICT_PROTOTYPES = YES;
				CLANG_WARN_SUSPICIOUS_MOVE = YES;
				CLANG_WARN_UNGUARDED_AVAILABILITY = YES_AGGRESSIVE;
				CLANG_WARN_UNREACHABLE_CODE = YES;
				CLANG_WARN__DUPLICATE_METHOD_MATCH = YES;
				COPY_PHASE_STRIP = NO;
				DEBUG_INFORMATION_FORMAT = "dwarf-with-dsym";
				ENABLE_NS_ASSERTIONS = NO;
				ENABLE_STRICT_OBJC_MSGSEND = YES;
				GCC_C_LANGUAGE_STANDARD = gnu11;
				GCC_NO_COMMON_BLOCKS = YES;
				GCC_WARN_64_TO_32_BIT_CONVERSION = YES;
				GCC_WARN_ABOUT_RETURN_TYPE = YES_ERROR;
				GCC_WARN_UNDECLARED_SELECTOR = YES;
				GCC_WARN_UNINITIALIZED_AUTOS = YES_AGGRESSIVE;
				GCC_WARN_UNUSED_FUNCTION = YES;
				GCC_WARN_UNUSED_VARIABLE = YES;
				IPHONEOS_DEPLOYMENT_TARGET = 14.5;
				MTL_ENABLE_DEBUG_INFO = NO;
				MTL_FAST_MATH = YES;
				SDKROOT = iphoneos;
				SWIFT_COMPILATION_MODE = wholemodule;
				SWIFT_OPTIMIZATION_LEVEL = "-O";
				VALIDATE_PRODUCT = YES;
			};
			name = Release;
		};
		A3D67A26267163A800B26AF2 /* Debug */ = {
			isa = XCBuildConfiguration;
			buildSettings = {
				ASSETCATALOG_COMPILER_APPICON_NAME = AppIcon;
				ASSETCATALOG_COMPILER_GLOBAL_ACCENT_COLOR_NAME = AccentColor;
				CODE_SIGN_STYLE = Automatic;
				DEVELOPMENT_ASSET_PATHS = "\"CodingChallange/Preview Content\"";
				DEVELOPMENT_TEAM = WPZC96H3B4;
				ENABLE_PREVIEWS = YES;
				INFOPLIST_FILE = CodingChallange/Config/Info.plist;
				IPHONEOS_DEPLOYMENT_TARGET = 14.0;
				LD_RUNPATH_SEARCH_PATHS = (
					"$(inherited)",
					"@executable_path/Frameworks",
				);
				PRODUCT_BUNDLE_IDENTIFIER = com.lyzkov.shiftkey.CodingChallange;
				PRODUCT_NAME = "$(TARGET_NAME)";
				SWIFT_VERSION = 5.0;
				TARGETED_DEVICE_FAMILY = "1,2";
			};
			name = Debug;
		};
		A3D67A27267163A800B26AF2 /* Release */ = {
			isa = XCBuildConfiguration;
			buildSettings = {
				ASSETCATALOG_COMPILER_APPICON_NAME = AppIcon;
				ASSETCATALOG_COMPILER_GLOBAL_ACCENT_COLOR_NAME = AccentColor;
				CODE_SIGN_STYLE = Automatic;
				DEVELOPMENT_ASSET_PATHS = "\"CodingChallange/Preview Content\"";
				DEVELOPMENT_TEAM = WPZC96H3B4;
				ENABLE_PREVIEWS = YES;
				INFOPLIST_FILE = CodingChallange/Config/Info.plist;
				IPHONEOS_DEPLOYMENT_TARGET = 14.0;
				LD_RUNPATH_SEARCH_PATHS = (
					"$(inherited)",
					"@executable_path/Frameworks",
				);
				PRODUCT_BUNDLE_IDENTIFIER = com.lyzkov.shiftkey.CodingChallange;
				PRODUCT_NAME = "$(TARGET_NAME)";
				SWIFT_VERSION = 5.0;
				TARGETED_DEVICE_FAMILY = "1,2";
			};
			name = Release;
		};
		A3D67A29267163A800B26AF2 /* Debug */ = {
			isa = XCBuildConfiguration;
			buildSettings = {
				ALWAYS_EMBED_SWIFT_STANDARD_LIBRARIES = YES;
				BUNDLE_LOADER = "$(TEST_HOST)";
				CODE_SIGN_STYLE = Automatic;
				DEVELOPMENT_TEAM = WPZC96H3B4;
				INFOPLIST_FILE = CodingChallangeTests/Info.plist;
				IPHONEOS_DEPLOYMENT_TARGET = 14.0;
				LD_RUNPATH_SEARCH_PATHS = (
					"$(inherited)",
					"@executable_path/Frameworks",
					"@loader_path/Frameworks",
				);
				PRODUCT_BUNDLE_IDENTIFIER = com.lyzkov.shiftkey.CodingChallangeTests;
				PRODUCT_NAME = "$(TARGET_NAME)";
				SWIFT_VERSION = 5.0;
				TARGETED_DEVICE_FAMILY = "1,2";
				TEST_HOST = "$(BUILT_PRODUCTS_DIR)/CodingChallange.app/CodingChallange";
			};
			name = Debug;
		};
		A3D67A2A267163A800B26AF2 /* Release */ = {
			isa = XCBuildConfiguration;
			buildSettings = {
				ALWAYS_EMBED_SWIFT_STANDARD_LIBRARIES = YES;
				BUNDLE_LOADER = "$(TEST_HOST)";
				CODE_SIGN_STYLE = Automatic;
				DEVELOPMENT_TEAM = WPZC96H3B4;
				INFOPLIST_FILE = CodingChallangeTests/Info.plist;
				IPHONEOS_DEPLOYMENT_TARGET = 14.0;
				LD_RUNPATH_SEARCH_PATHS = (
					"$(inherited)",
					"@executable_path/Frameworks",
					"@loader_path/Frameworks",
				);
				PRODUCT_BUNDLE_IDENTIFIER = com.lyzkov.shiftkey.CodingChallangeTests;
				PRODUCT_NAME = "$(TARGET_NAME)";
				SWIFT_VERSION = 5.0;
				TARGETED_DEVICE_FAMILY = "1,2";
				TEST_HOST = "$(BUILT_PRODUCTS_DIR)/CodingChallange.app/CodingChallange";
			};
			name = Release;
		};
		A3D67A2C267163A800B26AF2 /* Debug */ = {
			isa = XCBuildConfiguration;
			buildSettings = {
				ALWAYS_EMBED_SWIFT_STANDARD_LIBRARIES = YES;
				CODE_SIGN_STYLE = Automatic;
				DEVELOPMENT_TEAM = WPZC96H3B4;
				INFOPLIST_FILE = CodingChallangeUITests/Info.plist;
				LD_RUNPATH_SEARCH_PATHS = (
					"$(inherited)",
					"@executable_path/Frameworks",
					"@loader_path/Frameworks",
				);
				PRODUCT_BUNDLE_IDENTIFIER = com.lyzkov.shiftkey.CodingChallangeUITests;
				PRODUCT_NAME = "$(TARGET_NAME)";
				SWIFT_VERSION = 5.0;
				TARGETED_DEVICE_FAMILY = "1,2";
				TEST_TARGET_NAME = CodingChallange;
			};
			name = Debug;
		};
		A3D67A2D267163A800B26AF2 /* Release */ = {
			isa = XCBuildConfiguration;
			buildSettings = {
				ALWAYS_EMBED_SWIFT_STANDARD_LIBRARIES = YES;
				CODE_SIGN_STYLE = Automatic;
				DEVELOPMENT_TEAM = WPZC96H3B4;
				INFOPLIST_FILE = CodingChallangeUITests/Info.plist;
				LD_RUNPATH_SEARCH_PATHS = (
					"$(inherited)",
					"@executable_path/Frameworks",
					"@loader_path/Frameworks",
				);
				PRODUCT_BUNDLE_IDENTIFIER = com.lyzkov.shiftkey.CodingChallangeUITests;
				PRODUCT_NAME = "$(TARGET_NAME)";
				SWIFT_VERSION = 5.0;
				TARGETED_DEVICE_FAMILY = "1,2";
				TEST_TARGET_NAME = CodingChallange;
			};
			name = Release;
		};
/* End XCBuildConfiguration section */

/* Begin XCConfigurationList section */
		A3D679FB267163A600B26AF2 /* Build configuration list for PBXProject "CodingChallange" */ = {
			isa = XCConfigurationList;
			buildConfigurations = (
				A3D67A23267163A800B26AF2 /* Debug */,
				A3D67A24267163A800B26AF2 /* Release */,
			);
			defaultConfigurationIsVisible = 0;
			defaultConfigurationName = Release;
		};
		A3D67A25267163A800B26AF2 /* Build configuration list for PBXNativeTarget "CodingChallange" */ = {
			isa = XCConfigurationList;
			buildConfigurations = (
				A3D67A26267163A800B26AF2 /* Debug */,
				A3D67A27267163A800B26AF2 /* Release */,
			);
			defaultConfigurationIsVisible = 0;
			defaultConfigurationName = Release;
		};
		A3D67A28267163A800B26AF2 /* Build configuration list for PBXNativeTarget "CodingChallangeTests" */ = {
			isa = XCConfigurationList;
			buildConfigurations = (
				A3D67A29267163A800B26AF2 /* Debug */,
				A3D67A2A267163A800B26AF2 /* Release */,
			);
			defaultConfigurationIsVisible = 0;
			defaultConfigurationName = Release;
		};
		A3D67A2B267163A800B26AF2 /* Build configuration list for PBXNativeTarget "CodingChallangeUITests" */ = {
			isa = XCConfigurationList;
			buildConfigurations = (
				A3D67A2C267163A800B26AF2 /* Debug */,
				A3D67A2D267163A800B26AF2 /* Release */,
			);
			defaultConfigurationIsVisible = 0;
			defaultConfigurationName = Release;
		};
/* End XCConfigurationList section */

/* Begin XCRemoteSwiftPackageReference section */
		A3BF71DF267290F600C55B29 /* XCRemoteSwiftPackageReference "swift-composable-architecture" */ = {
			isa = XCRemoteSwiftPackageReference;
			repositoryURL = "https://github.com/pointfreeco/swift-composable-architecture.git";
			requirement = {
				kind = upToNextMajorVersion;
				minimumVersion = 0.18.0;
			};
		};
/* End XCRemoteSwiftPackageReference section */

/* Begin XCSwiftPackageProductDependency section */
		A3BF71E0267290F600C55B29 /* ComposableArchitecture */ = {
			isa = XCSwiftPackageProductDependency;
			package = A3BF71DF267290F600C55B29 /* XCRemoteSwiftPackageReference "swift-composable-architecture" */;
			productName = ComposableArchitecture;
		};
/* End XCSwiftPackageProductDependency section */
	};
	rootObject = A3D679F8267163A600B26AF2 /* Project object */;
}
